
Microsoft Visual Studio Solution File, Format Version 12.00
# Visual Studio Version 16
VisualStudioVersion = 16.0.30413.136
MinimumVisualStudioVersion = 10.0.40219.1
Project("{FAE04EC0-301F-11D3-BF4B-00C04F79EFBC}") = "Part1", "Part1\Part1.csproj", "{134ED869-50D6-4EF4-AC1E-94F54BAFB396}"
EndProject
Project("{FAE04EC0-301F-11D3-BF4B-00C04F79EFBC}") = "Part2", "Part2\Part2.csproj", "{AB316BEA-F253-4C7B-AA64-6FF36E1136EB}"
EndProject
Global
	GlobalSection(SolutionConfigurationPlatforms) = preSolution
		Debug|Any CPU = Debug|Any CPU
		Release|Any CPU = Release|Any CPU
	EndGlobalSection
	GlobalSection(ProjectConfigurationPlatforms) = postSolution
		{134ED869-50D6-4EF4-AC1E-94F54BAFB396}.Debug|Any CPU.ActiveCfg = Debug|Any CPU
		{134ED869-50D6-4EF4-AC1E-94F54BAFB396}.Debug|Any CPU.Build.0 = Debug|Any CPU
		{134ED869-50D6-4EF4-AC1E-94F54BAFB396}.Release|Any CPU.ActiveCfg = Release|Any CPU
		{134ED869-50D6-4EF4-AC1E-94F54BAFB396}.Release|Any CPU.Build.0 = Release|Any CPU
		{AB316BEA-F253-4C7B-AA64-6FF36E1136EB}.Debug|Any CPU.ActiveCfg = Debug|Any CPU
		{AB316BEA-F253-4C7B-AA64-6FF36E1136EB}.Debug|Any CPU.Build.0 = Debug|Any CPU
		{AB316BEA-F253-4C7B-AA64-6FF36E1136EB}.Release|Any CPU.ActiveCfg = Release|Any CPU
		{AB316BEA-F253-4C7B-AA64-6FF36E1136EB}.Release|Any CPU.Build.0 = Release|Any CPU
	EndGlobalSection
	GlobalSection(SolutionProperties) = preSolution
		HideSolutionNode = FALSE
	EndGlobalSection
	GlobalSection(ExtensibilityGlobals) = postSolution
		SolutionGuid = {93C350C6-3EE3-414B-83BE-C1A4C336C8AB}
	EndGlobalSection
EndGlobal
